
Microsoft Visual Studio Solution File, Format Version 12.00
# Visual Studio Version 17
VisualStudioVersion = 17.10.34916.146
MinimumVisualStudioVersion = 10.0.40219.1
Project("{FAE04EC0-301F-11D3-BF4B-00C04F79EFBC}") = "MeowgicAPI", "MeowgicAPI\MeowgicAPI.csproj", "{460B1659-9B83-40DA-9AD2-29FE29720454}"
EndProject
Global
	GlobalSection(SolutionConfigurationPlatforms) = preSolution
		Debug|Any CPU = Debug|Any CPU
		Release|Any CPU = Release|Any CPU
	EndGlobalSection
	GlobalSection(ProjectConfigurationPlatforms) = postSolution
		{460B1659-9B83-40DA-9AD2-29FE29720454}.Debug|Any CPU.ActiveCfg = Debug|Any CPU
		{460B1659-9B83-40DA-9AD2-29FE29720454}.Debug|Any CPU.Build.0 = Debug|Any CPU
		{460B1659-9B83-40DA-9AD2-29FE29720454}.Release|Any CPU.ActiveCfg = Release|Any CPU
		{460B1659-9B83-40DA-9AD2-29FE29720454}.Release|Any CPU.Build.0 = Release|Any CPU
	EndGlobalSection
	GlobalSection(SolutionProperties) = preSolution
		HideSolutionNode = FALSE
	EndGlobalSection
	GlobalSection(ExtensibilityGlobals) = postSolution
		SolutionGuid = {2C07C816-30EE-46C1-A589-5900DE3E2E9B}
	EndGlobalSection
EndGlobal
